
Microsoft Visual Studio Solution File, Format Version 12.00
# Visual Studio 15
VisualStudioVersion = 15.0.27428.1
MinimumVisualStudioVersion = 10.0.40219.1
Project("{9A19103F-16F7-4668-BE54-9A1E7A4F7556}") = "S3NetCoreClient.Service", "S3NetCoreClient.Service\S3NetCoreClient.Service.csproj", "{B9505CA1-5369-4A2F-A9AB-CB6BE7815C44}"
EndProject
Project("{9A19103F-16F7-4668-BE54-9A1E7A4F7556}") = "S3NetCoreClient.Client", "S3NetCoreClient.Client\S3NetCoreClient.Client.csproj", "{60217950-B1B5-464A-9D95-F41B02DDACAF}"
EndProject
Project("{FAE04EC0-301F-11D3-BF4B-00C04F79EFBC}") = "S3NetCoreClient.Models", "S3NetCoreClient.Models\S3NetCoreClient.Models.csproj", "{4669EEF5-B6C0-4C21-B1B0-F0E8411C995D}"
EndProject
Global
	GlobalSection(SolutionConfigurationPlatforms) = preSolution
		Debug|Any CPU = Debug|Any CPU
		Release|Any CPU = Release|Any CPU
	EndGlobalSection
	GlobalSection(ProjectConfigurationPlatforms) = postSolution
		{B9505CA1-5369-4A2F-A9AB-CB6BE7815C44}.Debug|Any CPU.ActiveCfg = Debug|Any CPU
		{B9505CA1-5369-4A2F-A9AB-CB6BE7815C44}.Debug|Any CPU.Build.0 = Debug|Any CPU
		{B9505CA1-5369-4A2F-A9AB-CB6BE7815C44}.Release|Any CPU.ActiveCfg = Release|Any CPU
		{B9505CA1-5369-4A2F-A9AB-CB6BE7815C44}.Release|Any CPU.Build.0 = Release|Any CPU
		{60217950-B1B5-464A-9D95-F41B02DDACAF}.Debug|Any CPU.ActiveCfg = Debug|Any CPU
		{60217950-B1B5-464A-9D95-F41B02DDACAF}.Debug|Any CPU.Build.0 = Debug|Any CPU
		{60217950-B1B5-464A-9D95-F41B02DDACAF}.Release|Any CPU.ActiveCfg = Release|Any CPU
		{60217950-B1B5-464A-9D95-F41B02DDACAF}.Release|Any CPU.Build.0 = Release|Any CPU
		{4669EEF5-B6C0-4C21-B1B0-F0E8411C995D}.Debug|Any CPU.ActiveCfg = Debug|Any CPU
		{4669EEF5-B6C0-4C21-B1B0-F0E8411C995D}.Debug|Any CPU.Build.0 = Debug|Any CPU
		{4669EEF5-B6C0-4C21-B1B0-F0E8411C995D}.Release|Any CPU.ActiveCfg = Release|Any CPU
		{4669EEF5-B6C0-4C21-B1B0-F0E8411C995D}.Release|Any CPU.Build.0 = Release|Any CPU
	EndGlobalSection
	GlobalSection(SolutionProperties) = preSolution
		HideSolutionNode = FALSE
	EndGlobalSection
	GlobalSection(ExtensibilityGlobals) = postSolution
		SolutionGuid = {36559BCD-309E-4CB7-8540-C1F3E7214E56}
	EndGlobalSection
EndGlobal
